// !$*UTF8*$!
{
	archiveVersion = 1;
	classes = {
	};
	objectVersion = 50;
	objects = {

/* Begin PBXBuildFile section */
		F048496B23965E1D00920D9F /* Lane.cpp in Sources */ = {isa = PBXBuildFile; fileRef = F048496923965E1D00920D9F /* Lane.cpp */; };
		F048496E239685CA00920D9F /* Road.cpp in Sources */ = {isa = PBXBuildFile; fileRef = F048496C239685CA00920D9F /* Road.cpp */; };
		F0626D0623893CA1001CDD16 /* Vehicle.cpp in Sources */ = {isa = PBXBuildFile; fileRef = F036B06E2387CE0C00A8B1C8 /* Vehicle.cpp */; };
		F0626D0723893CA4001CDD16 /* Engine.hpp in Sources */ = {isa = PBXBuildFile; fileRef = F078F3242387D8B900B0347C /* Engine.hpp */; };
		F0626D0823893CA6001CDD16 /* main.cpp in Sources */ = {isa = PBXBuildFile; fileRef = F0DB86AC238299880013F31A /* main.cpp */; };
		F0626D0923893CA7001CDD16 /* Intersection.cpp in Sources */ = {isa = PBXBuildFile; fileRef = F0626D01238935CC001CDD16 /* Intersection.cpp */; };
		F078F3252387D8B900B0347C /* Engine.cpp in Sources */ = {isa = PBXBuildFile; fileRef = F078F3232387D8B900B0347C /* Engine.cpp */; };
		F0DB86BA238299F10013F31A /* sfml-network.framework in Frameworks */ = {isa = PBXBuildFile; fileRef = F0DB86B4238299F10013F31A /* sfml-network.framework */; };
		F0DB86BB238299F10013F31A /* sfml-system.framework in Frameworks */ = {isa = PBXBuildFile; fileRef = F0DB86B5238299F10013F31A /* sfml-system.framework */; };
		F0DB86BC238299F10013F31A /* SFML.framework in Frameworks */ = {isa = PBXBuildFile; fileRef = F0DB86B6238299F10013F31A /* SFML.framework */; };
		F0DB86BD238299F10013F31A /* sfml-graphics.framework in Frameworks */ = {isa = PBXBuildFile; fileRef = F0DB86B7238299F10013F31A /* sfml-graphics.framework */; };
		F0DB86BE238299F10013F31A /* sfml-audio.framework in Frameworks */ = {isa = PBXBuildFile; fileRef = F0DB86B8238299F10013F31A /* sfml-audio.framework */; };
		F0DB86BF238299F10013F31A /* sfml-window.framework in Frameworks */ = {isa = PBXBuildFile; fileRef = F0DB86B9238299F10013F31A /* sfml-window.framework */; };
/* End PBXBuildFile section */

/* Begin PBXCopyFilesBuildPhase section */
		F0DB86A7238299880013F31A /* CopyFiles */ = {
			isa = PBXCopyFilesBuildPhase;
			buildActionMask = 2147483647;
			dstPath = /usr/share/man/man1/;
			dstSubfolderSpec = 0;
			files = (
			);
			runOnlyForDeploymentPostprocessing = 1;
		};
/* End PBXCopyFilesBuildPhase section */

/* Begin PBXFileReference section */
		F036B06E2387CE0C00A8B1C8 /* Vehicle.cpp */ = {isa = PBXFileReference; lastKnownFileType = sourcecode.cpp.cpp; path = Vehicle.cpp; sourceTree = "<group>"; };
		F046109823914EA900E30CF2 /* car_image2.png */ = {isa = PBXFileReference; lastKnownFileType = image.png; path = car_image2.png; sourceTree = "<group>"; };
		F048496923965E1D00920D9F /* Lane.cpp */ = {isa = PBXFileReference; lastKnownFileType = sourcecode.cpp.cpp; path = Lane.cpp; sourceTree = "<group>"; };
		F048496A23965E1D00920D9F /* Lane.hpp */ = {isa = PBXFileReference; lastKnownFileType = sourcecode.cpp.h; path = Lane.hpp; sourceTree = "<group>"; };
		F048496C239685CA00920D9F /* Road.cpp */ = {isa = PBXFileReference; lastKnownFileType = sourcecode.cpp.cpp; path = Road.cpp; sourceTree = "<group>"; };
		F048496D239685CA00920D9F /* Road.hpp */ = {isa = PBXFileReference; lastKnownFileType = sourcecode.cpp.h; path = Road.hpp; sourceTree = "<group>"; };
		F0626D01238935CC001CDD16 /* Intersection.cpp */ = {isa = PBXFileReference; lastKnownFileType = sourcecode.cpp.cpp; path = Intersection.cpp; sourceTree = "<group>"; };
		F0626D02238935CC001CDD16 /* Intersection.hpp */ = {isa = PBXFileReference; lastKnownFileType = sourcecode.cpp.h; path = Intersection.hpp; sourceTree = "<group>"; };
		F078F3232387D8B900B0347C /* Engine.cpp */ = {isa = PBXFileReference; lastKnownFileType = sourcecode.cpp.cpp; path = Engine.cpp; sourceTree = "<group>"; };
		F078F3242387D8B900B0347C /* Engine.hpp */ = {isa = PBXFileReference; lastKnownFileType = sourcecode.cpp.h; path = Engine.hpp; sourceTree = "<group>"; };
		F078F3272387DE9000B0347C /* car_image.png */ = {isa = PBXFileReference; lastKnownFileType = image.png; path = car_image.png; sourceTree = "<group>"; };
		F0DB86A9238299880013F31A /* SimulatorSFML */ = {isa = PBXFileReference; explicitFileType = "compiled.mach-o.executable"; includeInIndex = 0; path = SimulatorSFML; sourceTree = BUILT_PRODUCTS_DIR; };
		F0DB86AC238299880013F31A /* main.cpp */ = {isa = PBXFileReference; lastKnownFileType = sourcecode.cpp.cpp; path = main.cpp; sourceTree = "<group>"; };
		F0DB86B4238299F10013F31A /* sfml-network.framework */ = {isa = PBXFileReference; lastKnownFileType = wrapper.framework; name = "sfml-network.framework"; path = "libs/SFML/Frameworks/sfml-network.framework"; sourceTree = "<group>"; };
		F0DB86B5238299F10013F31A /* sfml-system.framework */ = {isa = PBXFileReference; lastKnownFileType = wrapper.framework; name = "sfml-system.framework"; path = "libs/SFML/Frameworks/sfml-system.framework"; sourceTree = "<group>"; };
		F0DB86B6238299F10013F31A /* SFML.framework */ = {isa = PBXFileReference; lastKnownFileType = wrapper.framework; name = SFML.framework; path = libs/SFML/Frameworks/SFML.framework; sourceTree = "<group>"; };
		F0DB86B7238299F10013F31A /* sfml-graphics.framework */ = {isa = PBXFileReference; lastKnownFileType = wrapper.framework; name = "sfml-graphics.framework"; path = "libs/SFML/Frameworks/sfml-graphics.framework"; sourceTree = "<group>"; };
		F0DB86B8238299F10013F31A /* sfml-audio.framework */ = {isa = PBXFileReference; lastKnownFileType = wrapper.framework; name = "sfml-audio.framework"; path = "libs/SFML/Frameworks/sfml-audio.framework"; sourceTree = "<group>"; };
		F0DB86B9238299F10013F31A /* sfml-window.framework */ = {isa = PBXFileReference; lastKnownFileType = wrapper.framework; name = "sfml-window.framework"; path = "libs/SFML/Frameworks/sfml-window.framework"; sourceTree = "<group>"; };
/* End PBXFileReference section */

/* Begin PBXFrameworksBuildPhase section */
		F0DB86A6238299880013F31A /* Frameworks */ = {
			isa = PBXFrameworksBuildPhase;
			buildActionMask = 2147483647;
			files = (
				F0DB86BA238299F10013F31A /* sfml-network.framework in Frameworks */,
				F0DB86BB238299F10013F31A /* sfml-system.framework in Frameworks */,
				F0DB86BC238299F10013F31A /* SFML.framework in Frameworks */,
				F0DB86BD238299F10013F31A /* sfml-graphics.framework in Frameworks */,
				F0DB86BE238299F10013F31A /* sfml-audio.framework in Frameworks */,
				F0DB86BF238299F10013F31A /* sfml-window.framework in Frameworks */,
			);
			runOnlyForDeploymentPostprocessing = 0;
		};
/* End PBXFrameworksBuildPhase section */

/* Begin PBXGroup section */
		F0626CFC2389358A001CDD16 /* src */ = {
			isa = PBXGroup;
			children = (
				F0626CFD23893595001CDD16 /* map */,
				F0DB86AC238299880013F31A /* main.cpp */,
				F036B06E2387CE0C00A8B1C8 /* Vehicle.cpp */,
				F078F3232387D8B900B0347C /* Engine.cpp */,
				F078F3242387D8B900B0347C /* Engine.hpp */,
			);
			path = src;
			sourceTree = "<group>";
		};
		F0626CFD23893595001CDD16 /* map */ = {
			isa = PBXGroup;
			children = (
				F0626D01238935CC001CDD16 /* Intersection.cpp */,
				F0626D02238935CC001CDD16 /* Intersection.hpp */,
				F048496923965E1D00920D9F /* Lane.cpp */,
				F048496A23965E1D00920D9F /* Lane.hpp */,
				F048496C239685CA00920D9F /* Road.cpp */,
				F048496D239685CA00920D9F /* Road.hpp */,
			);
			name = map;
			sourceTree = "<group>";
		};
		F078F3262387DE6D00B0347C /* assets */ = {
			isa = PBXGroup;
			children = (
				F09DAA5923895AD300924DD0 /* Cars */,
				F09DAA5823895AC700924DD0 /* Maps */,
				F09DAA562389459B00924DD0 /* Blocks */,
			);
			path = assets;
			sourceTree = "<group>";
		};
		F09DAA562389459B00924DD0 /* Blocks */ = {
			isa = PBXGroup;
			children = (
			);
			path = Blocks;
			sourceTree = "<group>";
		};
		F09DAA5823895AC700924DD0 /* Maps */ = {
			isa = PBXGroup;
			children = (
			);
			path = Maps;
			sourceTree = "<group>";
		};
		F09DAA5923895AD300924DD0 /* Cars */ = {
			isa = PBXGroup;
			children = (
				F046109823914EA900E30CF2 /* car_image2.png */,
				F078F3272387DE9000B0347C /* car_image.png */,
			);
			path = Cars;
			sourceTree = "<group>";
		};
		F0DB86A0238299880013F31A = {
			isa = PBXGroup;
			children = (
				F0DB86AB238299880013F31A /* SimulatorSFML */,
				F0DB86AA238299880013F31A /* Products */,
				F0DB86B3238299F10013F31A /* Frameworks */,
			);
			sourceTree = "<group>";
		};
		F0DB86AA238299880013F31A /* Products */ = {
			isa = PBXGroup;
			children = (
				F0DB86A9238299880013F31A /* SimulatorSFML */,
			);
			name = Products;
			sourceTree = "<group>";
		};
		F0DB86AB238299880013F31A /* SimulatorSFML */ = {
			isa = PBXGroup;
			children = (
				F0626CFC2389358A001CDD16 /* src */,
				F078F3262387DE6D00B0347C /* assets */,
			);
			path = SimulatorSFML;
			sourceTree = "<group>";
		};
		F0DB86B3238299F10013F31A /* Frameworks */ = {
			isa = PBXGroup;
			children = (
				F0DB86B8238299F10013F31A /* sfml-audio.framework */,
				F0DB86B7238299F10013F31A /* sfml-graphics.framework */,
				F0DB86B4238299F10013F31A /* sfml-network.framework */,
				F0DB86B5238299F10013F31A /* sfml-system.framework */,
				F0DB86B9238299F10013F31A /* sfml-window.framework */,
				F0DB86B6238299F10013F31A /* SFML.framework */,
			);
			name = Frameworks;
			sourceTree = "<group>";
		};
/* End PBXGroup section */

/* Begin PBXNativeTarget section */
		F0DB86A8238299880013F31A /* SimulatorSFML */ = {
			isa = PBXNativeTarget;
			buildConfigurationList = F0DB86B0238299880013F31A /* Build configuration list for PBXNativeTarget "SimulatorSFML" */;
			buildPhases = (
				F0DB86A5238299880013F31A /* Sources */,
				F0DB86A6238299880013F31A /* Frameworks */,
				F0DB86A7238299880013F31A /* CopyFiles */,
			);
			buildRules = (
			);
			dependencies = (
			);
			name = SimulatorSFML;
			productName = SimulatorSFML;
			productReference = F0DB86A9238299880013F31A /* SimulatorSFML */;
			productType = "com.apple.product-type.tool";
		};
/* End PBXNativeTarget section */

/* Begin PBXProject section */
		F0DB86A1238299880013F31A /* Project object */ = {
			isa = PBXProject;
			attributes = {
				LastUpgradeCheck = 1120;
				ORGANIZATIONNAME = "Samuel Arbibe";
				TargetAttributes = {
					F0DB86A8238299880013F31A = {
						CreatedOnToolsVersion = 11.2.1;
					};
				};
			};
			buildConfigurationList = F0DB86A4238299880013F31A /* Build configuration list for PBXProject "SimulatorSFML" */;
			compatibilityVersion = "Xcode 9.3";
			developmentRegion = en;
			hasScannedForEncodings = 0;
			knownRegions = (
				en,
				Base,
			);
			mainGroup = F0DB86A0238299880013F31A;
			productRefGroup = F0DB86AA238299880013F31A /* Products */;
			projectDirPath = "";
			projectRoot = "";
			targets = (
				F0DB86A8238299880013F31A /* SimulatorSFML */,
			);
		};
/* End PBXProject section */

/* Begin PBXSourcesBuildPhase section */
		F0DB86A5238299880013F31A /* Sources */ = {
			isa = PBXSourcesBuildPhase;
			buildActionMask = 2147483647;
			files = (
				F078F3252387D8B900B0347C /* Engine.cpp in Sources */,
				F0626D0823893CA6001CDD16 /* main.cpp in Sources */,
				F0626D0623893CA1001CDD16 /* Vehicle.cpp in Sources */,
				F0626D0923893CA7001CDD16 /* Intersection.cpp in Sources */,
				F0626D0723893CA4001CDD16 /* Engine.hpp in Sources */,
				F048496E239685CA00920D9F /* Road.cpp in Sources */,
				F048496B23965E1D00920D9F /* Lane.cpp in Sources */,
			);
			runOnlyForDeploymentPostprocessing = 0;
		};
/* End PBXSourcesBuildPhase section */

/* Begin XCBuildConfiguration section */
		F0DB86AE238299880013F31A /* Debug */ = {
			isa = XCBuildConfiguration;
			buildSettings = {
				ALWAYS_SEARCH_USER_PATHS = NO;
				CLANG_ANALYZER_NONNULL = YES;
				CLANG_ANALYZER_NUMBER_OBJECT_CONVERSION = YES_AGGRESSIVE;
				CLANG_CXX_LANGUAGE_STANDARD = "c++17";
				CLANG_CXX_LIBRARY = "libc++";
				CLANG_ENABLE_MODULES = YES;
				CLANG_ENABLE_OBJC_ARC = YES;
				CLANG_ENABLE_OBJC_WEAK = YES;
				CLANG_WARN_BLOCK_CAPTURE_AUTORELEASING = YES;
				CLANG_WARN_BOOL_CONVERSION = YES;
				CLANG_WARN_COMMA = YES;
				CLANG_WARN_CONSTANT_CONVERSION = YES;
				CLANG_WARN_DEPRECATED_OBJC_IMPLEMENTATIONS = YES;
				CLANG_WARN_DIRECT_OBJC_ISA_USAGE = YES_ERROR;
				CLANG_WARN_DOCUMENTATION_COMMENTS = YES;
				CLANG_WARN_EMPTY_BODY = YES;
				CLANG_WARN_ENUM_CONVERSION = YES;
				CLANG_WARN_INFINITE_RECURSION = YES;
				CLANG_WARN_INT_CONVERSION = YES;
				CLANG_WARN_NON_LITERAL_NULL_CONVERSION = YES;
				CLANG_WARN_OBJC_IMPLICIT_RETAIN_SELF = YES;
				CLANG_WARN_OBJC_LITERAL_CONVERSION = YES;
				CLANG_WARN_OBJC_ROOT_CLASS = YES_ERROR;
				CLANG_WARN_RANGE_LOOP_ANALYSIS = YES;
				CLANG_WARN_STRICT_PROTOTYPES = YES;
				CLANG_WARN_SUSPICIOUS_MOVE = YES;
				CLANG_WARN_UNGUARDED_AVAILABILITY = YES_AGGRESSIVE;
				CLANG_WARN_UNREACHABLE_CODE = YES;
				CLANG_WARN__DUPLICATE_METHOD_MATCH = YES;
				COPY_PHASE_STRIP = NO;
				DEBUG_INFORMATION_FORMAT = dwarf;
				ENABLE_STRICT_OBJC_MSGSEND = YES;
				ENABLE_TESTABILITY = YES;
				GCC_C_LANGUAGE_STANDARD = gnu11;
				GCC_DYNAMIC_NO_PIC = NO;
				GCC_NO_COMMON_BLOCKS = YES;
				GCC_OPTIMIZATION_LEVEL = 0;
				GCC_PREPROCESSOR_DEFINITIONS = (
					"DEBUG=1",
					"$(inherited)",
				);
				GCC_WARN_64_TO_32_BIT_CONVERSION = YES;
				GCC_WARN_ABOUT_RETURN_TYPE = YES_ERROR;
				GCC_WARN_UNDECLARED_SELECTOR = YES;
				GCC_WARN_UNINITIALIZED_AUTOS = YES_AGGRESSIVE;
				GCC_WARN_UNUSED_FUNCTION = YES;
				GCC_WARN_UNUSED_VARIABLE = YES;
				MACOSX_DEPLOYMENT_TARGET = 10.14;
				MTL_ENABLE_DEBUG_INFO = INCLUDE_SOURCE;
				MTL_FAST_MATH = YES;
				ONLY_ACTIVE_ARCH = YES;
				SDKROOT = macosx;
			};
			name = Debug;
		};
		F0DB86AF238299880013F31A /* Release */ = {
			isa = XCBuildConfiguration;
			buildSettings = {
				ALWAYS_SEARCH_USER_PATHS = NO;
				CLANG_ANALYZER_NONNULL = YES;
				CLANG_ANALYZER_NUMBER_OBJECT_CONVERSION = YES_AGGRESSIVE;
				CLANG_CXX_LANGUAGE_STANDARD = "c++17";
				CLANG_CXX_LIBRARY = "libc++";
				CLANG_ENABLE_MODULES = YES;
				CLANG_ENABLE_OBJC_ARC = YES;
				CLANG_ENABLE_OBJC_WEAK = YES;
				CLANG_WARN_BLOCK_CAPTURE_AUTORELEASING = YES;
				CLANG_WARN_BOOL_CONVERSION = YES;
				CLANG_WARN_COMMA = YES;
				CLANG_WARN_CONSTANT_CONVERSION = YES;
				CLANG_WARN_DEPRECATED_OBJC_IMPLEMENTATIONS = YES;
				CLANG_WARN_DIRECT_OBJC_ISA_USAGE = YES_ERROR;
				CLANG_WARN_DOCUMENTATION_COMMENTS = YES;
				CLANG_WARN_EMPTY_BODY = YES;
				CLANG_WARN_ENUM_CONVERSION = YES;
				CLANG_WARN_INFINITE_RECURSION = YES;
				CLANG_WARN_INT_CONVERSION = YES;
				CLANG_WARN_NON_LITERAL_NULL_CONVERSION = YES;
				CLANG_WARN_OBJC_IMPLICIT_RETAIN_SELF = YES;
				CLANG_WARN_OBJC_LITERAL_CONVERSION = YES;
				CLANG_WARN_OBJC_ROOT_CLASS = YES_ERROR;
				CLANG_WARN_RANGE_LOOP_ANALYSIS = YES;
				CLANG_WARN_STRICT_PROTOTYPES = YES;
				CLANG_WARN_SUSPICIOUS_MOVE = YES;
				CLANG_WARN_UNGUARDED_AVAILABILITY = YES_AGGRESSIVE;
				CLANG_WARN_UNREACHABLE_CODE = YES;
				CLANG_WARN__DUPLICATE_METHOD_MATCH = YES;
				COPY_PHASE_STRIP = NO;
				DEBUG_INFORMATION_FORMAT = "dwarf-with-dsym";
				ENABLE_NS_ASSERTIONS = NO;
				ENABLE_STRICT_OBJC_MSGSEND = YES;
				GCC_C_LANGUAGE_STANDARD = gnu11;
				GCC_NO_COMMON_BLOCKS = YES;
				GCC_WARN_64_TO_32_BIT_CONVERSION = YES;
				GCC_WARN_ABOUT_RETURN_TYPE = YES_ERROR;
				GCC_WARN_UNDECLARED_SELECTOR = YES;
				GCC_WARN_UNINITIALIZED_AUTOS = YES_AGGRESSIVE;
				GCC_WARN_UNUSED_FUNCTION = YES;
				GCC_WARN_UNUSED_VARIABLE = YES;
				MACOSX_DEPLOYMENT_TARGET = 10.14;
				MTL_ENABLE_DEBUG_INFO = NO;
				MTL_FAST_MATH = YES;
				SDKROOT = macosx;
			};
			name = Release;
		};
		F0DB86B1238299880013F31A /* Debug */ = {
			isa = XCBuildConfiguration;
			buildSettings = {
				CODE_SIGN_STYLE = Automatic;
				FRAMEWORK_SEARCH_PATHS = (
					"$(inherited)",
					"$(PROJECT_DIR)/libs/SFML/Frameworks",
				);
				HEADER_SEARCH_PATHS = "$(SRCROOT)/libs/SFML/include";
				PRODUCT_NAME = "$(TARGET_NAME)";
			};
			name = Debug;
		};
		F0DB86B2238299880013F31A /* Release */ = {
			isa = XCBuildConfiguration;
			buildSettings = {
				CODE_SIGN_STYLE = Automatic;
				FRAMEWORK_SEARCH_PATHS = (
					"$(inherited)",
					"$(PROJECT_DIR)/libs/SFML/Frameworks",
				);
				HEADER_SEARCH_PATHS = "$(SRCROOT)/libs/SFML/include";
				PRODUCT_NAME = "$(TARGET_NAME)";
			};
			name = Release;
		};
/* End XCBuildConfiguration section */

/* Begin XCConfigurationList section */
		F0DB86A4238299880013F31A /* Build configuration list for PBXProject "SimulatorSFML" */ = {
			isa = XCConfigurationList;
			buildConfigurations = (
				F0DB86AE238299880013F31A /* Debug */,
				F0DB86AF238299880013F31A /* Release */,
			);
			defaultConfigurationIsVisible = 0;
			defaultConfigurationName = Release;
		};
		F0DB86B0238299880013F31A /* Build configuration list for PBXNativeTarget "SimulatorSFML" */ = {
			isa = XCConfigurationList;
			buildConfigurations = (
				F0DB86B1238299880013F31A /* Debug */,
				F0DB86B2238299880013F31A /* Release */,
			);
			defaultConfigurationIsVisible = 0;
			defaultConfigurationName = Release;
		};
/* End XCConfigurationList section */
	};
	rootObject = F0DB86A1238299880013F31A /* Project object */;
}
